
Microsoft Visual Studio Solution File, Format Version 12.00
# Visual Studio 15
VisualStudioVersion = 15.0.27130.2020
MinimumVisualStudioVersion = 10.0.40219.1
Project("{FAE04EC0-301F-11D3-BF4B-00C04F79EFBC}") = "InsuranceApp", "InsuranceApp\InsuranceApp.csproj", "{16B9D95A-1553-401A-8ED5-128D0137BAB9}"
EndProject
Global
	GlobalSection(SolutionConfigurationPlatforms) = preSolution
		Debug|Any CPU = Debug|Any CPU
		Release|Any CPU = Release|Any CPU
	EndGlobalSection
	GlobalSection(ProjectConfigurationPlatforms) = postSolution
		{16B9D95A-1553-401A-8ED5-128D0137BAB9}.Debug|Any CPU.ActiveCfg = Debug|Any CPU
		{16B9D95A-1553-401A-8ED5-128D0137BAB9}.Debug|Any CPU.Build.0 = Debug|Any CPU
		{16B9D95A-1553-401A-8ED5-128D0137BAB9}.Release|Any CPU.ActiveCfg = Release|Any CPU
		{16B9D95A-1553-401A-8ED5-128D0137BAB9}.Release|Any CPU.Build.0 = Release|Any CPU
	EndGlobalSection
	GlobalSection(SolutionProperties) = preSolution
		HideSolutionNode = FALSE
	EndGlobalSection
	GlobalSection(ExtensibilityGlobals) = postSolution
		SolutionGuid = {E5F5B7CD-B841-4889-9303-7E4805747A05}
	EndGlobalSection
EndGlobal
